
Microsoft Visual Studio Solution File, Format Version 12.00
Project("{2150E333-8FDC-42A3-9474-1A3956D46DE8}") = "Creational", "Creational", "{0C8FF143-CA45-4188-92C5-097C5D94D625}"
EndProject
Project("{FAE04EC0-301F-11D3-BF4B-00C04F79EFBC}") = "Builder", "Creational\Builder\Builder.csproj", "{2D676BF3-B42D-4692-A830-D0C3FBACF5FF}"
EndProject
Project("{2150E333-8FDC-42A3-9474-1A3956D46DE8}") = "Structural", "Structural", "{D427D300-1ACB-43E6-83C9-C138BFD82D49}"
EndProject
Project("{2150E333-8FDC-42A3-9474-1A3956D46DE8}") = "Behavioural", "Behavioural", "{52B0B885-CD34-44C1-A4F1-03CA108BAC3D}"
EndProject
Project("{FAE04EC0-301F-11D3-BF4B-00C04F79EFBC}") = "Singleton", "Creational\Singleton\Singleton.csproj", "{1557E537-5AC7-4822-AAB3-9461790D2A4C}"
EndProject
Project("{FAE04EC0-301F-11D3-BF4B-00C04F79EFBC}") = "AbstractFactory", "Creational\AbstractFactory\AbstractFactory.csproj", "{860CD56C-06FB-4010-BEB9-D2439360B79E}"
EndProject
Project("{FAE04EC0-301F-11D3-BF4B-00C04F79EFBC}") = "FactoryMethod", "Creational\FactoryMethod\FactoryMethod.csproj", "{7D48BCD8-5AD1-4B95-9394-025BED7084FF}"
EndProject
Project("{FAE04EC0-301F-11D3-BF4B-00C04F79EFBC}") = "Prototype", "Creational\Prototype\Prototype.csproj", "{6760667A-C0B0-4AD7-8EF7-6A5F636E805A}"
EndProject
Project("{FAE04EC0-301F-11D3-BF4B-00C04F79EFBC}") = "Adapter", "Structural\Adapter\Adapter.csproj", "{305BA4E2-0710-4872-B36C-E58A973935F1}"
EndProject
Project("{FAE04EC0-301F-11D3-BF4B-00C04F79EFBC}") = "Bridge", "Structural\Bridge\Bridge.csproj", "{B0219F62-35AA-41A6-9261-5D5021D134B7}"
EndProject
Project("{FAE04EC0-301F-11D3-BF4B-00C04F79EFBC}") = "Composite", "Structural\Composite\Composite.csproj", "{085CFA2D-7DAB-4937-ABE1-A9F124AFC52B}"
EndProject
Project("{FAE04EC0-301F-11D3-BF4B-00C04F79EFBC}") = "Decorator", "Structural\Decorator\Decorator.csproj", "{B8BAAABD-FF4A-45AD-AB60-99BDA79F8C51}"
EndProject
Project("{FAE04EC0-301F-11D3-BF4B-00C04F79EFBC}") = "Facade", "Structural\Facade\Facade.csproj", "{A94483B5-4457-41A1-B062-F7AC43B11A82}"
EndProject
Project("{FAE04EC0-301F-11D3-BF4B-00C04F79EFBC}") = "Flyweight", "Structural\Flyweight\Flyweight.csproj", "{EAC79057-1950-4A2C-8696-BAE3080B2AA5}"
EndProject
Project("{FAE04EC0-301F-11D3-BF4B-00C04F79EFBC}") = "Proxy", "Structural\Proxy\Proxy.csproj", "{45AF9AF3-15DC-4356-84FC-7954025418BD}"
EndProject
Project("{FAE04EC0-301F-11D3-BF4B-00C04F79EFBC}") = "ChainOfResponsibility", "Behavioural\ChainOfResponsibility\ChainOfResponsibility.csproj", "{2E605B7D-9DD1-4D8E-ADFB-0CCC2712424C}"
EndProject
Project("{FAE04EC0-301F-11D3-BF4B-00C04F79EFBC}") = "Command", "Behavioural\Command\Command.csproj", "{60176D5D-9AAD-4D31-BAF1-2A3C89800950}"
EndProject
Project("{FAE04EC0-301F-11D3-BF4B-00C04F79EFBC}") = "Interpreter", "Behavioural\Interpreter\Interpreter.csproj", "{3E66FE99-803C-47AA-AD18-7D79D6C5FD0F}"
EndProject
Project("{FAE04EC0-301F-11D3-BF4B-00C04F79EFBC}") = "Iterator", "Behavioural\Iterator\Iterator.csproj", "{10E2733C-3CBB-41D6-9C48-399E62D54B22}"
EndProject
Project("{FAE04EC0-301F-11D3-BF4B-00C04F79EFBC}") = "Mediator", "Behavioural\Mediator\Mediator.csproj", "{6FD7FD1F-CDE2-4540-A4C9-DAB080D49EE9}"
EndProject
Project("{FAE04EC0-301F-11D3-BF4B-00C04F79EFBC}") = "Memento", "Behavioural\Memento\Memento.csproj", "{AB1EC192-89F5-4FCB-AEF2-E200D599F904}"
EndProject
Project("{FAE04EC0-301F-11D3-BF4B-00C04F79EFBC}") = "Observer", "Behavioural\Observer\Observer.csproj", "{89BEB294-3F55-4539-882D-3BD8D96168CD}"
EndProject
Project("{FAE04EC0-301F-11D3-BF4B-00C04F79EFBC}") = "State", "Behavioural\State\State.csproj", "{9E5AF0D6-CD0B-4631-9C03-5399A74546FC}"
EndProject
Project("{FAE04EC0-301F-11D3-BF4B-00C04F79EFBC}") = "Strategy", "Behavioural\Strategy\Strategy.csproj", "{CB0EFFCA-9C5A-412C-BBA8-421B51FD13DA}"
EndProject
Project("{FAE04EC0-301F-11D3-BF4B-00C04F79EFBC}") = "TemplateMethod", "Behavioural\TemplateMethod\TemplateMethod.csproj", "{4FEED677-C14D-483C-96A5-D113696B1D43}"
EndProject
Project("{FAE04EC0-301F-11D3-BF4B-00C04F79EFBC}") = "Visitor", "Behavioural\Visitor\Visitor.csproj", "{4FA751B7-DAEA-44DA-A6F0-07B8AA3A18CB}"
EndProject
Global
	GlobalSection(SolutionConfigurationPlatforms) = preSolution
		Debug|Any CPU = Debug|Any CPU
		Release|Any CPU = Release|Any CPU
	EndGlobalSection
	GlobalSection(NestedProjects) = preSolution
		{2D676BF3-B42D-4692-A830-D0C3FBACF5FF} = {0C8FF143-CA45-4188-92C5-097C5D94D625}
		{1557E537-5AC7-4822-AAB3-9461790D2A4C} = {0C8FF143-CA45-4188-92C5-097C5D94D625}
		{860CD56C-06FB-4010-BEB9-D2439360B79E} = {0C8FF143-CA45-4188-92C5-097C5D94D625}
		{7D48BCD8-5AD1-4B95-9394-025BED7084FF} = {0C8FF143-CA45-4188-92C5-097C5D94D625}
		{6760667A-C0B0-4AD7-8EF7-6A5F636E805A} = {0C8FF143-CA45-4188-92C5-097C5D94D625}
		{305BA4E2-0710-4872-B36C-E58A973935F1} = {D427D300-1ACB-43E6-83C9-C138BFD82D49}
		{B0219F62-35AA-41A6-9261-5D5021D134B7} = {D427D300-1ACB-43E6-83C9-C138BFD82D49}
		{085CFA2D-7DAB-4937-ABE1-A9F124AFC52B} = {D427D300-1ACB-43E6-83C9-C138BFD82D49}
		{B8BAAABD-FF4A-45AD-AB60-99BDA79F8C51} = {D427D300-1ACB-43E6-83C9-C138BFD82D49}
		{A94483B5-4457-41A1-B062-F7AC43B11A82} = {D427D300-1ACB-43E6-83C9-C138BFD82D49}
		{EAC79057-1950-4A2C-8696-BAE3080B2AA5} = {D427D300-1ACB-43E6-83C9-C138BFD82D49}
		{45AF9AF3-15DC-4356-84FC-7954025418BD} = {D427D300-1ACB-43E6-83C9-C138BFD82D49}
		{2E605B7D-9DD1-4D8E-ADFB-0CCC2712424C} = {52B0B885-CD34-44C1-A4F1-03CA108BAC3D}
		{60176D5D-9AAD-4D31-BAF1-2A3C89800950} = {52B0B885-CD34-44C1-A4F1-03CA108BAC3D}
		{3E66FE99-803C-47AA-AD18-7D79D6C5FD0F} = {52B0B885-CD34-44C1-A4F1-03CA108BAC3D}
		{10E2733C-3CBB-41D6-9C48-399E62D54B22} = {52B0B885-CD34-44C1-A4F1-03CA108BAC3D}
		{6FD7FD1F-CDE2-4540-A4C9-DAB080D49EE9} = {52B0B885-CD34-44C1-A4F1-03CA108BAC3D}
		{AB1EC192-89F5-4FCB-AEF2-E200D599F904} = {52B0B885-CD34-44C1-A4F1-03CA108BAC3D}
		{89BEB294-3F55-4539-882D-3BD8D96168CD} = {52B0B885-CD34-44C1-A4F1-03CA108BAC3D}
		{9E5AF0D6-CD0B-4631-9C03-5399A74546FC} = {52B0B885-CD34-44C1-A4F1-03CA108BAC3D}
		{CB0EFFCA-9C5A-412C-BBA8-421B51FD13DA} = {52B0B885-CD34-44C1-A4F1-03CA108BAC3D}
		{4FEED677-C14D-483C-96A5-D113696B1D43} = {52B0B885-CD34-44C1-A4F1-03CA108BAC3D}
		{4FA751B7-DAEA-44DA-A6F0-07B8AA3A18CB} = {52B0B885-CD34-44C1-A4F1-03CA108BAC3D}
	EndGlobalSection
	GlobalSection(ProjectConfigurationPlatforms) = postSolution
		{2D676BF3-B42D-4692-A830-D0C3FBACF5FF}.Debug|Any CPU.ActiveCfg = Debug|Any CPU
		{2D676BF3-B42D-4692-A830-D0C3FBACF5FF}.Debug|Any CPU.Build.0 = Debug|Any CPU
		{2D676BF3-B42D-4692-A830-D0C3FBACF5FF}.Release|Any CPU.ActiveCfg = Release|Any CPU
		{2D676BF3-B42D-4692-A830-D0C3FBACF5FF}.Release|Any CPU.Build.0 = Release|Any CPU
		{1557E537-5AC7-4822-AAB3-9461790D2A4C}.Debug|Any CPU.ActiveCfg = Debug|Any CPU
		{1557E537-5AC7-4822-AAB3-9461790D2A4C}.Debug|Any CPU.Build.0 = Debug|Any CPU
		{1557E537-5AC7-4822-AAB3-9461790D2A4C}.Release|Any CPU.ActiveCfg = Release|Any CPU
		{1557E537-5AC7-4822-AAB3-9461790D2A4C}.Release|Any CPU.Build.0 = Release|Any CPU
		{860CD56C-06FB-4010-BEB9-D2439360B79E}.Debug|Any CPU.ActiveCfg = Debug|Any CPU
		{860CD56C-06FB-4010-BEB9-D2439360B79E}.Debug|Any CPU.Build.0 = Debug|Any CPU
		{860CD56C-06FB-4010-BEB9-D2439360B79E}.Release|Any CPU.ActiveCfg = Release|Any CPU
		{860CD56C-06FB-4010-BEB9-D2439360B79E}.Release|Any CPU.Build.0 = Release|Any CPU
		{7D48BCD8-5AD1-4B95-9394-025BED7084FF}.Debug|Any CPU.ActiveCfg = Debug|Any CPU
		{7D48BCD8-5AD1-4B95-9394-025BED7084FF}.Debug|Any CPU.Build.0 = Debug|Any CPU
		{7D48BCD8-5AD1-4B95-9394-025BED7084FF}.Release|Any CPU.ActiveCfg = Release|Any CPU
		{7D48BCD8-5AD1-4B95-9394-025BED7084FF}.Release|Any CPU.Build.0 = Release|Any CPU
		{6760667A-C0B0-4AD7-8EF7-6A5F636E805A}.Debug|Any CPU.ActiveCfg = Debug|Any CPU
		{6760667A-C0B0-4AD7-8EF7-6A5F636E805A}.Debug|Any CPU.Build.0 = Debug|Any CPU
		{6760667A-C0B0-4AD7-8EF7-6A5F636E805A}.Release|Any CPU.ActiveCfg = Release|Any CPU
		{6760667A-C0B0-4AD7-8EF7-6A5F636E805A}.Release|Any CPU.Build.0 = Release|Any CPU
		{305BA4E2-0710-4872-B36C-E58A973935F1}.Debug|Any CPU.ActiveCfg = Debug|Any CPU
		{305BA4E2-0710-4872-B36C-E58A973935F1}.Debug|Any CPU.Build.0 = Debug|Any CPU
		{305BA4E2-0710-4872-B36C-E58A973935F1}.Release|Any CPU.ActiveCfg = Release|Any CPU
		{305BA4E2-0710-4872-B36C-E58A973935F1}.Release|Any CPU.Build.0 = Release|Any CPU
		{B0219F62-35AA-41A6-9261-5D5021D134B7}.Debug|Any CPU.ActiveCfg = Debug|Any CPU
		{B0219F62-35AA-41A6-9261-5D5021D134B7}.Debug|Any CPU.Build.0 = Debug|Any CPU
		{B0219F62-35AA-41A6-9261-5D5021D134B7}.Release|Any CPU.ActiveCfg = Release|Any CPU
		{B0219F62-35AA-41A6-9261-5D5021D134B7}.Release|Any CPU.Build.0 = Release|Any CPU
		{085CFA2D-7DAB-4937-ABE1-A9F124AFC52B}.Debug|Any CPU.ActiveCfg = Debug|Any CPU
		{085CFA2D-7DAB-4937-ABE1-A9F124AFC52B}.Debug|Any CPU.Build.0 = Debug|Any CPU
		{085CFA2D-7DAB-4937-ABE1-A9F124AFC52B}.Release|Any CPU.ActiveCfg = Release|Any CPU
		{085CFA2D-7DAB-4937-ABE1-A9F124AFC52B}.Release|Any CPU.Build.0 = Release|Any CPU
		{B8BAAABD-FF4A-45AD-AB60-99BDA79F8C51}.Debug|Any CPU.ActiveCfg = Debug|Any CPU
		{B8BAAABD-FF4A-45AD-AB60-99BDA79F8C51}.Debug|Any CPU.Build.0 = Debug|Any CPU
		{B8BAAABD-FF4A-45AD-AB60-99BDA79F8C51}.Release|Any CPU.ActiveCfg = Release|Any CPU
		{B8BAAABD-FF4A-45AD-AB60-99BDA79F8C51}.Release|Any CPU.Build.0 = Release|Any CPU
		{A94483B5-4457-41A1-B062-F7AC43B11A82}.Debug|Any CPU.ActiveCfg = Debug|Any CPU
		{A94483B5-4457-41A1-B062-F7AC43B11A82}.Debug|Any CPU.Build.0 = Debug|Any CPU
		{A94483B5-4457-41A1-B062-F7AC43B11A82}.Release|Any CPU.ActiveCfg = Release|Any CPU
		{A94483B5-4457-41A1-B062-F7AC43B11A82}.Release|Any CPU.Build.0 = Release|Any CPU
		{EAC79057-1950-4A2C-8696-BAE3080B2AA5}.Debug|Any CPU.ActiveCfg = Debug|Any CPU
		{EAC79057-1950-4A2C-8696-BAE3080B2AA5}.Debug|Any CPU.Build.0 = Debug|Any CPU
		{EAC79057-1950-4A2C-8696-BAE3080B2AA5}.Release|Any CPU.ActiveCfg = Release|Any CPU
		{EAC79057-1950-4A2C-8696-BAE3080B2AA5}.Release|Any CPU.Build.0 = Release|Any CPU
		{45AF9AF3-15DC-4356-84FC-7954025418BD}.Debug|Any CPU.ActiveCfg = Debug|Any CPU
		{45AF9AF3-15DC-4356-84FC-7954025418BD}.Debug|Any CPU.Build.0 = Debug|Any CPU
		{45AF9AF3-15DC-4356-84FC-7954025418BD}.Release|Any CPU.ActiveCfg = Release|Any CPU
		{45AF9AF3-15DC-4356-84FC-7954025418BD}.Release|Any CPU.Build.0 = Release|Any CPU
		{2E605B7D-9DD1-4D8E-ADFB-0CCC2712424C}.Debug|Any CPU.ActiveCfg = Debug|Any CPU
		{2E605B7D-9DD1-4D8E-ADFB-0CCC2712424C}.Debug|Any CPU.Build.0 = Debug|Any CPU
		{2E605B7D-9DD1-4D8E-ADFB-0CCC2712424C}.Release|Any CPU.ActiveCfg = Release|Any CPU
		{2E605B7D-9DD1-4D8E-ADFB-0CCC2712424C}.Release|Any CPU.Build.0 = Release|Any CPU
		{60176D5D-9AAD-4D31-BAF1-2A3C89800950}.Debug|Any CPU.ActiveCfg = Debug|Any CPU
		{60176D5D-9AAD-4D31-BAF1-2A3C89800950}.Debug|Any CPU.Build.0 = Debug|Any CPU
		{60176D5D-9AAD-4D31-BAF1-2A3C89800950}.Release|Any CPU.ActiveCfg = Release|Any CPU
		{60176D5D-9AAD-4D31-BAF1-2A3C89800950}.Release|Any CPU.Build.0 = Release|Any CPU
		{3E66FE99-803C-47AA-AD18-7D79D6C5FD0F}.Debug|Any CPU.ActiveCfg = Debug|Any CPU
		{3E66FE99-803C-47AA-AD18-7D79D6C5FD0F}.Debug|Any CPU.Build.0 = Debug|Any CPU
		{3E66FE99-803C-47AA-AD18-7D79D6C5FD0F}.Release|Any CPU.ActiveCfg = Release|Any CPU
		{3E66FE99-803C-47AA-AD18-7D79D6C5FD0F}.Release|Any CPU.Build.0 = Release|Any CPU
		{10E2733C-3CBB-41D6-9C48-399E62D54B22}.Debug|Any CPU.ActiveCfg = Debug|Any CPU
		{10E2733C-3CBB-41D6-9C48-399E62D54B22}.Debug|Any CPU.Build.0 = Debug|Any CPU
		{10E2733C-3CBB-41D6-9C48-399E62D54B22}.Release|Any CPU.ActiveCfg = Release|Any CPU
		{10E2733C-3CBB-41D6-9C48-399E62D54B22}.Release|Any CPU.Build.0 = Release|Any CPU
		{6FD7FD1F-CDE2-4540-A4C9-DAB080D49EE9}.Debug|Any CPU.ActiveCfg = Debug|Any CPU
		{6FD7FD1F-CDE2-4540-A4C9-DAB080D49EE9}.Debug|Any CPU.Build.0 = Debug|Any CPU
		{6FD7FD1F-CDE2-4540-A4C9-DAB080D49EE9}.Release|Any CPU.ActiveCfg = Release|Any CPU
		{6FD7FD1F-CDE2-4540-A4C9-DAB080D49EE9}.Release|Any CPU.Build.0 = Release|Any CPU
		{AB1EC192-89F5-4FCB-AEF2-E200D599F904}.Debug|Any CPU.ActiveCfg = Debug|Any CPU
		{AB1EC192-89F5-4FCB-AEF2-E200D599F904}.Debug|Any CPU.Build.0 = Debug|Any CPU
		{AB1EC192-89F5-4FCB-AEF2-E200D599F904}.Release|Any CPU.ActiveCfg = Release|Any CPU
		{AB1EC192-89F5-4FCB-AEF2-E200D599F904}.Release|Any CPU.Build.0 = Release|Any CPU
		{89BEB294-3F55-4539-882D-3BD8D96168CD}.Debug|Any CPU.ActiveCfg = Debug|Any CPU
		{89BEB294-3F55-4539-882D-3BD8D96168CD}.Debug|Any CPU.Build.0 = Debug|Any CPU
		{89BEB294-3F55-4539-882D-3BD8D96168CD}.Release|Any CPU.ActiveCfg = Release|Any CPU
		{89BEB294-3F55-4539-882D-3BD8D96168CD}.Release|Any CPU.Build.0 = Release|Any CPU
		{9E5AF0D6-CD0B-4631-9C03-5399A74546FC}.Debug|Any CPU.ActiveCfg = Debug|Any CPU
		{9E5AF0D6-CD0B-4631-9C03-5399A74546FC}.Debug|Any CPU.Build.0 = Debug|Any CPU
		{9E5AF0D6-CD0B-4631-9C03-5399A74546FC}.Release|Any CPU.ActiveCfg = Release|Any CPU
		{9E5AF0D6-CD0B-4631-9C03-5399A74546FC}.Release|Any CPU.Build.0 = Release|Any CPU
		{CB0EFFCA-9C5A-412C-BBA8-421B51FD13DA}.Debug|Any CPU.ActiveCfg = Debug|Any CPU
		{CB0EFFCA-9C5A-412C-BBA8-421B51FD13DA}.Debug|Any CPU.Build.0 = Debug|Any CPU
		{CB0EFFCA-9C5A-412C-BBA8-421B51FD13DA}.Release|Any CPU.ActiveCfg = Release|Any CPU
		{CB0EFFCA-9C5A-412C-BBA8-421B51FD13DA}.Release|Any CPU.Build.0 = Release|Any CPU
		{4FEED677-C14D-483C-96A5-D113696B1D43}.Debug|Any CPU.ActiveCfg = Debug|Any CPU
		{4FEED677-C14D-483C-96A5-D113696B1D43}.Debug|Any CPU.Build.0 = Debug|Any CPU
		{4FEED677-C14D-483C-96A5-D113696B1D43}.Release|Any CPU.ActiveCfg = Release|Any CPU
		{4FEED677-C14D-483C-96A5-D113696B1D43}.Release|Any CPU.Build.0 = Release|Any CPU
		{4FA751B7-DAEA-44DA-A6F0-07B8AA3A18CB}.Debug|Any CPU.ActiveCfg = Debug|Any CPU
		{4FA751B7-DAEA-44DA-A6F0-07B8AA3A18CB}.Debug|Any CPU.Build.0 = Debug|Any CPU
		{4FA751B7-DAEA-44DA-A6F0-07B8AA3A18CB}.Release|Any CPU.ActiveCfg = Release|Any CPU
		{4FA751B7-DAEA-44DA-A6F0-07B8AA3A18CB}.Release|Any CPU.Build.0 = Release|Any CPU
	EndGlobalSection
EndGlobal
